<?xml version="1.0" encoding="utf-8"?>
<Project ToolsVersion="4.0" xmlns="http://schemas.microsoft.com/developer/msbuild/2003">
  <ItemGroup>
    <ClCompile Include="RectGI.cpp" />
    <ClCompile Include="Render\MeshData.cpp">
      <Filter>Render</Filter>
    </ClCompile>
    <ClCompile Include="Render\MiniEngine.cpp">
      <Filter>Render</Filter>
    </ClCompile>
    <ClCompile Include="Render\RenderData.cpp">
      <Filter>Render</Filter>
    </ClCompile>
    <ClCompile Include="Render\DemoUI.cpp">
      <Filter>Render</Filter>
    </ClCompile>
    <ClCompile Include="Render\RectProxy.cpp">
      <Filter>Render</Filter>
    </ClCompile>
    <ClCompile Include="Render\RenderStates.cpp">
      <Filter>Render</Filter>
    </ClCompile>
    <ClCompile Include="Render\PostProcess.cpp">
      <Filter>Render</Filter>
    </ClCompile>
  </ItemGroup>
  <ItemGroup>
    <CLInclude Include="resource.h" />
    <ClInclude Include="Render\MeshData.h">
      <Filter>Render</Filter>
    </ClInclude>
    <ClInclude Include="Render\MiniEngine.h">
      <Filter>Render</Filter>
    </ClInclude>
    <ClInclude Include="Render\RenderData.h">
      <Filter>Render</Filter>
    </ClInclude>
    <ClInclude Include="Render\DemoUI.h">
      <Filter>Render</Filter>
    </ClInclude>
    <ClInclude Include="Render\RectProxy.h">
      <Filter>Render</Filter>
    </ClInclude>
    <ClInclude Include="Render\RenderStates.h">
      <Filter>Render</Filter>
    </ClInclude>
    <ClInclude Include="Render\PostProcess.h">
      <Filter>Render</Filter>
    </ClInclude>
  </ItemGroup>
  <ItemGroup>
    <None Include="Render\MiniEngine.inl">
      <Filter>Render</Filter>
    </None>
    <None Include="Shaders\ShaderBuffers.fxc">
      <Filter>Shaders</Filter>
    </None>
    <None Include="Shaders\RectGI.hlsl">
      <Filter>Shaders</Filter>
    </None>
  </ItemGroup>
  <ItemGroup>
    <Filter Include="Render">
      <UniqueIdentifier>{07f516fa-dd57-4d32-97b1-09ac5a158573}</UniqueIdentifier>
    </Filter>
    <Filter Include="Shaders">
      <UniqueIdentifier>{b7b39017-dcc1-48af-9334-44393171ee25}</UniqueIdentifier>
    </Filter>
  </ItemGroup>
  <ItemGroup>
    <FxCompile Include="Shaders\OneColorVS.hlsl">
      <Filter>Shaders</Filter>
    </FxCompile>
    <FxCompile Include="Shaders\PlaneMeshVS.hlsl">
      <Filter>Shaders</Filter>
    </FxCompile>
    <FxCompile Include="Shaders\DxMeshPS.hlsl">
      <Filter>Shaders</Filter>
    </FxCompile>
    <FxCompile Include="Shaders\DxMeshVS.hlsl">
      <Filter>Shaders</Filter>
    </FxCompile>
    <FxCompile Include="Shaders\OneColorPS.hlsl">
      <Filter>Shaders</Filter>
    </FxCompile>
    <FxCompile Include="Shaders\PlaneMeshPS.hlsl">
      <Filter>Shaders</Filter>
    </FxCompile>
    <FxCompile Include="Shaders\PostProcess.hlsl">
      <Filter>Shaders</Filter>
    </FxCompile>
  </ItemGroup>
</Project>